
Microsoft Visual Studio Solution File, Format Version 12.00
# Visual Studio 15
VisualStudioVersion = 15.0.28307.168
MinimumVisualStudioVersion = 10.0.40219.1
Project("{FAE04EC0-301F-11D3-BF4B-00C04F79EFBC}") = "config-transform", "config-transform\config-transform.csproj", "{E86A8592-0CE9-494E-81D0-FFC55F1A21F6}"
EndProject
Project("{FAE04EC0-301F-11D3-BF4B-00C04F79EFBC}") = "config-transform-tests", "config-transform-tests\config-transform-tests.csproj", "{F4572F97-9717-4075-89C5-602177B35F0A}"
EndProject
Global
	GlobalSection(SolutionConfigurationPlatforms) = preSolution
		Debug|Any CPU = Debug|Any CPU
		Release|Any CPU = Release|Any CPU
	EndGlobalSection
	GlobalSection(ProjectConfigurationPlatforms) = postSolution
		{E86A8592-0CE9-494E-81D0-FFC55F1A21F6}.Debug|Any CPU.ActiveCfg = Debug|Any CPU
		{E86A8592-0CE9-494E-81D0-FFC55F1A21F6}.Debug|Any CPU.Build.0 = Debug|Any CPU
		{E86A8592-0CE9-494E-81D0-FFC55F1A21F6}.Release|Any CPU.ActiveCfg = Release|Any CPU
		{E86A8592-0CE9-494E-81D0-FFC55F1A21F6}.Release|Any CPU.Build.0 = Release|Any CPU
		{F4572F97-9717-4075-89C5-602177B35F0A}.Debug|Any CPU.ActiveCfg = Debug|Any CPU
		{F4572F97-9717-4075-89C5-602177B35F0A}.Debug|Any CPU.Build.0 = Debug|Any CPU
		{F4572F97-9717-4075-89C5-602177B35F0A}.Release|Any CPU.ActiveCfg = Release|Any CPU
		{F4572F97-9717-4075-89C5-602177B35F0A}.Release|Any CPU.Build.0 = Release|Any CPU
	EndGlobalSection
	GlobalSection(SolutionProperties) = preSolution
		HideSolutionNode = FALSE
	EndGlobalSection
	GlobalSection(ExtensibilityGlobals) = postSolution
		SolutionGuid = {1AC4192E-6EE1-4CFB-B970-D96D28D2230A}
	EndGlobalSection
EndGlobal
